
Microsoft Visual Studio Solution File, Format Version 12.00
# Visual Studio Version 16
VisualStudioVersion = 16.0.29613.14
MinimumVisualStudioVersion = 10.0.40219.1
Project("{FAE04EC0-301F-11D3-BF4B-00C04F79EFBC}") = "Admin", "..\Admin\Admin.csproj", "{251ABE89-1436-4B8D-9DBC-9D7FD86FAFE6}"
EndProject
Project("{2150E333-8FDC-42A3-9474-1A3956D46DE8}") = "Solution Items", "Solution Items", "{D8F9AC84-B29D-4881-A74B-F12AD30BC9F0}"
	ProjectSection(SolutionItems) = preProject
		.editorconfig = .editorconfig
	EndProjectSection
EndProject
Project("{FAE04EC0-301F-11D3-BF4B-00C04F79EFBC}") = "AlogMachineService", "..\AlogMachineService\AlogMachineService.csproj", "{7B291895-160E-4891-B68A-E6FB3F4C0C77}"
EndProject
Project("{FAE04EC0-301F-11D3-BF4B-00C04F79EFBC}") = "AlogWorkerService", "..\AlogWorkerService\AlogWorkerService.csproj", "{9731DB4B-BA42-465F-857E-959D6470EECE}"
EndProject
Global
	GlobalSection(SolutionConfigurationPlatforms) = preSolution
		Debug|Any CPU = Debug|Any CPU
		Debug|x64 = Debug|x64
		Debug|x86 = Debug|x86
		Release|Any CPU = Release|Any CPU
		Release|x64 = Release|x64
		Release|x86 = Release|x86
	EndGlobalSection
	GlobalSection(ProjectConfigurationPlatforms) = postSolution
		{251ABE89-1436-4B8D-9DBC-9D7FD86FAFE6}.Debug|Any CPU.ActiveCfg = Debug|Any CPU
		{251ABE89-1436-4B8D-9DBC-9D7FD86FAFE6}.Debug|Any CPU.Build.0 = Debug|Any CPU
		{251ABE89-1436-4B8D-9DBC-9D7FD86FAFE6}.Debug|x64.ActiveCfg = Debug|Any CPU
		{251ABE89-1436-4B8D-9DBC-9D7FD86FAFE6}.Debug|x64.Build.0 = Debug|Any CPU
		{251ABE89-1436-4B8D-9DBC-9D7FD86FAFE6}.Debug|x86.ActiveCfg = Debug|Any CPU
		{251ABE89-1436-4B8D-9DBC-9D7FD86FAFE6}.Debug|x86.Build.0 = Debug|Any CPU
		{251ABE89-1436-4B8D-9DBC-9D7FD86FAFE6}.Release|Any CPU.ActiveCfg = Release|Any CPU
		{251ABE89-1436-4B8D-9DBC-9D7FD86FAFE6}.Release|Any CPU.Build.0 = Release|Any CPU
		{251ABE89-1436-4B8D-9DBC-9D7FD86FAFE6}.Release|x64.ActiveCfg = Release|Any CPU
		{251ABE89-1436-4B8D-9DBC-9D7FD86FAFE6}.Release|x64.Build.0 = Release|Any CPU
		{251ABE89-1436-4B8D-9DBC-9D7FD86FAFE6}.Release|x86.ActiveCfg = Release|Any CPU
		{251ABE89-1436-4B8D-9DBC-9D7FD86FAFE6}.Release|x86.Build.0 = Release|Any CPU
		{7B291895-160E-4891-B68A-E6FB3F4C0C77}.Debug|Any CPU.ActiveCfg = Debug|Any CPU
		{7B291895-160E-4891-B68A-E6FB3F4C0C77}.Debug|Any CPU.Build.0 = Debug|Any CPU
		{7B291895-160E-4891-B68A-E6FB3F4C0C77}.Debug|x64.ActiveCfg = Debug|Any CPU
		{7B291895-160E-4891-B68A-E6FB3F4C0C77}.Debug|x64.Build.0 = Debug|Any CPU
		{7B291895-160E-4891-B68A-E6FB3F4C0C77}.Debug|x86.ActiveCfg = Debug|Any CPU
		{7B291895-160E-4891-B68A-E6FB3F4C0C77}.Debug|x86.Build.0 = Debug|Any CPU
		{7B291895-160E-4891-B68A-E6FB3F4C0C77}.Release|Any CPU.ActiveCfg = Release|Any CPU
		{7B291895-160E-4891-B68A-E6FB3F4C0C77}.Release|Any CPU.Build.0 = Release|Any CPU
		{7B291895-160E-4891-B68A-E6FB3F4C0C77}.Release|x64.ActiveCfg = Release|Any CPU
		{7B291895-160E-4891-B68A-E6FB3F4C0C77}.Release|x64.Build.0 = Release|Any CPU
		{7B291895-160E-4891-B68A-E6FB3F4C0C77}.Release|x86.ActiveCfg = Release|Any CPU
		{7B291895-160E-4891-B68A-E6FB3F4C0C77}.Release|x86.Build.0 = Release|Any CPU
		{9731DB4B-BA42-465F-857E-959D6470EECE}.Debug|Any CPU.ActiveCfg = Debug|Any CPU
		{9731DB4B-BA42-465F-857E-959D6470EECE}.Debug|Any CPU.Build.0 = Debug|Any CPU
		{9731DB4B-BA42-465F-857E-959D6470EECE}.Debug|x64.ActiveCfg = Debug|Any CPU
		{9731DB4B-BA42-465F-857E-959D6470EECE}.Debug|x64.Build.0 = Debug|Any CPU
		{9731DB4B-BA42-465F-857E-959D6470EECE}.Debug|x86.ActiveCfg = Debug|Any CPU
		{9731DB4B-BA42-465F-857E-959D6470EECE}.Debug|x86.Build.0 = Debug|Any CPU
		{9731DB4B-BA42-465F-857E-959D6470EECE}.Release|Any CPU.ActiveCfg = Release|Any CPU
		{9731DB4B-BA42-465F-857E-959D6470EECE}.Release|Any CPU.Build.0 = Release|Any CPU
		{9731DB4B-BA42-465F-857E-959D6470EECE}.Release|x64.ActiveCfg = Release|Any CPU
		{9731DB4B-BA42-465F-857E-959D6470EECE}.Release|x64.Build.0 = Release|Any CPU
		{9731DB4B-BA42-465F-857E-959D6470EECE}.Release|x86.ActiveCfg = Release|Any CPU
		{9731DB4B-BA42-465F-857E-959D6470EECE}.Release|x86.Build.0 = Release|Any CPU
	EndGlobalSection
	GlobalSection(SolutionProperties) = preSolution
		HideSolutionNode = FALSE
	EndGlobalSection
	GlobalSection(ExtensibilityGlobals) = postSolution
		SolutionGuid = {D9292CAC-3197-4C76-B451-B544DA9ADCA1}
	EndGlobalSection
EndGlobal
