
Microsoft Visual Studio Solution File, Format Version 12.00
# Visual Studio Version 16
VisualStudioVersion = 16.0.29613.14
MinimumVisualStudioVersion = 10.0.40219.1
Project("{FAE04EC0-301F-11D3-BF4B-00C04F79EFBC}") = "Admin", "Admin.csproj", "{251ABE89-1436-4B8D-9DBC-9D7FD86FAFE6}"
EndProject
Global
	GlobalSection(SolutionConfigurationPlatforms) = preSolution
		Debug|Any CPU = Debug|Any CPU
		Release|Any CPU = Release|Any CPU
	EndGlobalSection
	GlobalSection(ProjectConfigurationPlatforms) = postSolution
		{251ABE89-1436-4B8D-9DBC-9D7FD86FAFE6}.Debug|Any CPU.ActiveCfg = Debug|Any CPU
		{251ABE89-1436-4B8D-9DBC-9D7FD86FAFE6}.Debug|Any CPU.Build.0 = Debug|Any CPU
		{251ABE89-1436-4B8D-9DBC-9D7FD86FAFE6}.Release|Any CPU.ActiveCfg = Release|Any CPU
		{251ABE89-1436-4B8D-9DBC-9D7FD86FAFE6}.Release|Any CPU.Build.0 = Release|Any CPU
	EndGlobalSection
	GlobalSection(SolutionProperties) = preSolution
		HideSolutionNode = FALSE
	EndGlobalSection
	GlobalSection(ExtensibilityGlobals) = postSolution
		SolutionGuid = {D7AC35FC-FF7A-454B-BBFF-E57D0A6B2457}
	EndGlobalSection
EndGlobal
